
Microsoft Visual Studio Solution File, Format Version 12.00
# Visual Studio Version 17
VisualStudioVersion = 17.7.34221.43
MinimumVisualStudioVersion = 10.0.40219.1
Project("{FAE04EC0-301F-11D3-BF4B-00C04F79EFBC}") = "Prueba1 LDV", "Prueba1 LDV\Prueba1 LDV.csproj", "{01B55D64-4C5F-4D17-971A-FDBA96E62F1C}"
EndProject
Global
	GlobalSection(SolutionConfigurationPlatforms) = preSolution
		Debug|Any CPU = Debug|Any CPU
		Release|Any CPU = Release|Any CPU
	EndGlobalSection
	GlobalSection(ProjectConfigurationPlatforms) = postSolution
		{01B55D64-4C5F-4D17-971A-FDBA96E62F1C}.Debug|Any CPU.ActiveCfg = Debug|Any CPU
		{01B55D64-4C5F-4D17-971A-FDBA96E62F1C}.Debug|Any CPU.Build.0 = Debug|Any CPU
		{01B55D64-4C5F-4D17-971A-FDBA96E62F1C}.Release|Any CPU.ActiveCfg = Release|Any CPU
		{01B55D64-4C5F-4D17-971A-FDBA96E62F1C}.Release|Any CPU.Build.0 = Release|Any CPU
	EndGlobalSection
	GlobalSection(SolutionProperties) = preSolution
		HideSolutionNode = FALSE
	EndGlobalSection
	GlobalSection(ExtensibilityGlobals) = postSolution
		SolutionGuid = {E92C79D7-182A-48E2-9B6D-842982C366B4}
	EndGlobalSection
EndGlobal
