
Microsoft Visual Studio Solution File, Format Version 12.00
# Visual Studio Version 17
VisualStudioVersion = 17.7.34031.279
MinimumVisualStudioVersion = 10.0.40219.1
Project("{888888A0-9F3D-457C-B088-3A5042F75D52}") = "PythonLDV_RPG-SegundoParcial", "PythonLDV_RPG-SegundoParcial\PythonLDV_RPG-SegundoParcial.pyproj", "{78788E0C-15B9-46F7-B620-F251F7A8C01E}"
EndProject
Global
	GlobalSection(SolutionConfigurationPlatforms) = preSolution
		Debug|Any CPU = Debug|Any CPU
		Release|Any CPU = Release|Any CPU
	EndGlobalSection
	GlobalSection(ProjectConfigurationPlatforms) = postSolution
		{78788E0C-15B9-46F7-B620-F251F7A8C01E}.Debug|Any CPU.ActiveCfg = Debug|Any CPU
		{78788E0C-15B9-46F7-B620-F251F7A8C01E}.Release|Any CPU.ActiveCfg = Release|Any CPU
	EndGlobalSection
	GlobalSection(SolutionProperties) = preSolution
		HideSolutionNode = FALSE
	EndGlobalSection
	GlobalSection(ExtensibilityGlobals) = postSolution
		SolutionGuid = {27958E53-5C69-4781-816F-3EE76E4A6CF9}
	EndGlobalSection
EndGlobal
